// !$*UTF8*$!
{
	archiveVersion = 1;
	classes = {
	};
	objectVersion = 45;
	objects = {

/* Begin PBXBuildFile section */
		1DDD58160DA1D0A300B32029 /* MainMenu.xib in Resources */ = {isa = PBXBuildFile; fileRef = 1DDD58140DA1D0A300B32029 /* MainMenu.xib */; };
		5F8F327D12BE951C009B2446 /* SmallSliderHandle.png in Resources */ = {isa = PBXBuildFile; fileRef = 5F8F327912BE951C009B2446 /* SmallSliderHandle.png */; };
		5F8F327E12BE951C009B2446 /* SmallSliderHandleDown.png in Resources */ = {isa = PBXBuildFile; fileRef = 5F8F327A12BE951C009B2446 /* SmallSliderHandleDown.png */; };
		5F8F327F12BE951C009B2446 /* SmallSliderWellOff.png in Resources */ = {isa = PBXBuildFile; fileRef = 5F8F327B12BE951C009B2446 /* SmallSliderWellOff.png */; };
		5F8F328012BE951C009B2446 /* SmallSliderWellOn.png in Resources */ = {isa = PBXBuildFile; fileRef = 5F8F327C12BE951C009B2446 /* SmallSliderWellOn.png */; };
		5F9409190F36563700317331 /* TMSliderControl.m in Sources */ = {isa = PBXBuildFile; fileRef = 5F9409180F36563700317331 /* TMSliderControl.m */; };
		5F9409200F36566000317331 /* AppController.m in Sources */ = {isa = PBXBuildFile; fileRef = 5F94091F0F36566000317331 /* AppController.m */; };
		5F94092D0F3656C900317331 /* SliderWell.png in Resources */ = {isa = PBXBuildFile; fileRef = 5F9409230F3656C900317331 /* SliderWell.png */; };
		5F94092E0F3656C900317331 /* SliderHandleDown.png in Resources */ = {isa = PBXBuildFile; fileRef = 5F9409240F3656C900317331 /* SliderHandleDown.png */; };
		5F94092F0F3656C900317331 /* SliderHandle.png in Resources */ = {isa = PBXBuildFile; fileRef = 5F9409250F3656C900317331 /* SliderHandle.png */; };
		5F9409330F3656C900317331 /* OverlayMask.png in Resources */ = {isa = PBXBuildFile; fileRef = 5F9409290F3656C900317331 /* OverlayMask.png */; };
		8D11072B0486CEB800E47090 /* InfoPlist.strings in Resources */ = {isa = PBXBuildFile; fileRef = 089C165CFE840E0CC02AAC07 /* InfoPlist.strings */; };
		8D11072D0486CEB800E47090 /* main.m in Sources */ = {isa = PBXBuildFile; fileRef = 29B97316FDCFA39411CA2CEA /* main.m */; settings = {ATTRIBUTES = (); }; };
		8D11072F0486CEB800E47090 /* Cocoa.framework in Frameworks */ = {isa = PBXBuildFile; fileRef = 1058C7A1FEA54F0111CA2CBB /* Cocoa.framework */; };
		938A6C0F154F47A6007FC919 /* QuartzCore.framework in Frameworks */ = {isa = PBXBuildFile; fileRef = 938A6C0E154F47A6007FC919 /* QuartzCore.framework */; };
		938A6C10154F48A0007FC919 /* TMSliderControlSmall.m in Sources */ = {isa = PBXBuildFile; fileRef = 5F8F327612BE9303009B2446 /* TMSliderControlSmall.m */; };
		93F216EE15E5BB7500343EB1 /* OverlayMask@2x.png in Resources */ = {isa = PBXBuildFile; fileRef = 93F216E615E5BB7500343EB1 /* OverlayMask@2x.png */; };
		93F216EF15E5BB7500343EB1 /* SliderHandle@2x.png in Resources */ = {isa = PBXBuildFile; fileRef = 93F216E715E5BB7500343EB1 /* SliderHandle@2x.png */; };
		93F216F015E5BB7500343EB1 /* SliderHandleDown@2x.png in Resources */ = {isa = PBXBuildFile; fileRef = 93F216E815E5BB7500343EB1 /* SliderHandleDown@2x.png */; };
		93F216F115E5BB7500343EB1 /* SliderWell@2x.png in Resources */ = {isa = PBXBuildFile; fileRef = 93F216E915E5BB7500343EB1 /* SliderWell@2x.png */; };
		93F216F215E5BB7500343EB1 /* SmallSliderHandle@2x.png in Resources */ = {isa = PBXBuildFile; fileRef = 93F216EA15E5BB7500343EB1 /* SmallSliderHandle@2x.png */; };
		93F216F315E5BB7500343EB1 /* SmallSliderHandleDown@2x.png in Resources */ = {isa = PBXBuildFile; fileRef = 93F216EB15E5BB7500343EB1 /* SmallSliderHandleDown@2x.png */; };
		93F216F415E5BB7500343EB1 /* SmallSliderWellOff@2x.png in Resources */ = {isa = PBXBuildFile; fileRef = 93F216EC15E5BB7500343EB1 /* SmallSliderWellOff@2x.png */; };
		93F216F515E5BB7500343EB1 /* SmallSliderWellOn@2x.png in Resources */ = {isa = PBXBuildFile; fileRef = 93F216ED15E5BB7500343EB1 /* SmallSliderWellOn@2x.png */; };
/* End PBXBuildFile section */

/* Begin PBXFileReference section */
		089C165DFE840E0CC02AAC07 /* English */ = {isa = PBXFileReference; fileEncoding = 10; lastKnownFileType = text.plist.strings; name = English; path = English.lproj/InfoPlist.strings; sourceTree = "<group>"; };
		1058C7A1FEA54F0111CA2CBB /* Cocoa.framework */ = {isa = PBXFileReference; lastKnownFileType = wrapper.framework; name = Cocoa.framework; path = /System/Library/Frameworks/Cocoa.framework; sourceTree = "<absolute>"; };
		13E42FB307B3F0F600E4EEF1 /* CoreData.framework */ = {isa = PBXFileReference; lastKnownFileType = wrapper.framework; name = CoreData.framework; path = /System/Library/Frameworks/CoreData.framework; sourceTree = "<absolute>"; };
		1DDD58150DA1D0A300B32029 /* English */ = {isa = PBXFileReference; lastKnownFileType = file.xib; name = English; path = English.lproj/MainMenu.xib; sourceTree = "<group>"; };
		29B97316FDCFA39411CA2CEA /* main.m */ = {isa = PBXFileReference; fileEncoding = 4; lastKnownFileType = sourcecode.c.objc; path = main.m; sourceTree = "<group>"; };
		29B97324FDCFA39411CA2CEA /* AppKit.framework */ = {isa = PBXFileReference; lastKnownFileType = wrapper.framework; name = AppKit.framework; path = /System/Library/Frameworks/AppKit.framework; sourceTree = "<absolute>"; };
		29B97325FDCFA39411CA2CEA /* Foundation.framework */ = {isa = PBXFileReference; lastKnownFileType = wrapper.framework; name = Foundation.framework; path = /System/Library/Frameworks/Foundation.framework; sourceTree = "<absolute>"; };
		32CA4F630368D1EE00C91783 /* TMSliderControl_Prefix.pch */ = {isa = PBXFileReference; fileEncoding = 4; lastKnownFileType = sourcecode.c.h; path = TMSliderControl_Prefix.pch; sourceTree = "<group>"; };
		5F8F327512BE9303009B2446 /* TMSliderControlSmall.h */ = {isa = PBXFileReference; fileEncoding = 4; lastKnownFileType = sourcecode.c.h; path = TMSliderControlSmall.h; sourceTree = "<group>"; };
		5F8F327612BE9303009B2446 /* TMSliderControlSmall.m */ = {isa = PBXFileReference; fileEncoding = 4; lastKnownFileType = sourcecode.c.objc; path = TMSliderControlSmall.m; sourceTree = "<group>"; };
		5F8F327912BE951C009B2446 /* SmallSliderHandle.png */ = {isa = PBXFileReference; lastKnownFileType = image.png; path = SmallSliderHandle.png; sourceTree = "<group>"; };
		5F8F327A12BE951C009B2446 /* SmallSliderHandleDown.png */ = {isa = PBXFileReference; lastKnownFileType = image.png; path = SmallSliderHandleDown.png; sourceTree = "<group>"; };
		5F8F327B12BE951C009B2446 /* SmallSliderWellOff.png */ = {isa = PBXFileReference; lastKnownFileType = image.png; path = SmallSliderWellOff.png; sourceTree = "<group>"; };
		5F8F327C12BE951C009B2446 /* SmallSliderWellOn.png */ = {isa = PBXFileReference; lastKnownFileType = image.png; path = SmallSliderWellOn.png; sourceTree = "<group>"; };
		5F9409170F36563700317331 /* TMSliderControl.h */ = {isa = PBXFileReference; fileEncoding = 4; lastKnownFileType = sourcecode.c.h; path = TMSliderControl.h; sourceTree = "<group>"; };
		5F9409180F36563700317331 /* TMSliderControl.m */ = {isa = PBXFileReference; fileEncoding = 4; lastKnownFileType = sourcecode.c.objc; path = TMSliderControl.m; sourceTree = "<group>"; };
		5F94091E0F36566000317331 /* AppController.h */ = {isa = PBXFileReference; fileEncoding = 4; lastKnownFileType = sourcecode.c.h; path = AppController.h; sourceTree = "<group>"; };
		5F94091F0F36566000317331 /* AppController.m */ = {isa = PBXFileReference; fileEncoding = 4; lastKnownFileType = sourcecode.c.objc; path = AppController.m; sourceTree = "<group>"; };
		5F9409230F3656C900317331 /* SliderWell.png */ = {isa = PBXFileReference; lastKnownFileType = image.png; path = SliderWell.png; sourceTree = "<group>"; };
		5F9409240F3656C900317331 /* SliderHandleDown.png */ = {isa = PBXFileReference; lastKnownFileType = image.png; path = SliderHandleDown.png; sourceTree = "<group>"; };
		5F9409250F3656C900317331 /* SliderHandle.png */ = {isa = PBXFileReference; lastKnownFileType = image.png; path = SliderHandle.png; sourceTree = "<group>"; };
		5F9409290F3656C900317331 /* OverlayMask.png */ = {isa = PBXFileReference; lastKnownFileType = image.png; path = OverlayMask.png; sourceTree = "<group>"; };
		8D1107310486CEB800E47090 /* Info.plist */ = {isa = PBXFileReference; fileEncoding = 4; lastKnownFileType = text.plist.xml; path = Info.plist; sourceTree = "<group>"; };
		8D1107320486CEB800E47090 /* TMSliderControl.app */ = {isa = PBXFileReference; explicitFileType = wrapper.application; includeInIndex = 0; path = TMSliderControl.app; sourceTree = BUILT_PRODUCTS_DIR; };
		938A6C0E154F47A6007FC919 /* QuartzCore.framework */ = {isa = PBXFileReference; lastKnownFileType = wrapper.framework; name = QuartzCore.framework; path = ../../../../../../../System/Library/Frameworks/QuartzCore.framework; sourceTree = "<group>"; };
		93F216E615E5BB7500343EB1 /* OverlayMask@2x.png */ = {isa = PBXFileReference; lastKnownFileType = image.png; path = "OverlayMask@2x.png"; sourceTree = "<group>"; };
		93F216E715E5BB7500343EB1 /* SliderHandle@2x.png */ = {isa = PBXFileReference; lastKnownFileType = image.png; path = "SliderHandle@2x.png"; sourceTree = "<group>"; };
		93F216E815E5BB7500343EB1 /* SliderHandleDown@2x.png */ = {isa = PBXFileReference; lastKnownFileType = image.png; path = "SliderHandleDown@2x.png"; sourceTree = "<group>"; };
		93F216E915E5BB7500343EB1 /* SliderWell@2x.png */ = {isa = PBXFileReference; lastKnownFileType = image.png; path = "SliderWell@2x.png"; sourceTree = "<group>"; };
		93F216EA15E5BB7500343EB1 /* SmallSliderHandle@2x.png */ = {isa = PBXFileReference; lastKnownFileType = image.png; path = "SmallSliderHandle@2x.png"; sourceTree = "<group>"; };
		93F216EB15E5BB7500343EB1 /* SmallSliderHandleDown@2x.png */ = {isa = PBXFileReference; lastKnownFileType = image.png; path = "SmallSliderHandleDown@2x.png"; sourceTree = "<group>"; };
		93F216EC15E5BB7500343EB1 /* SmallSliderWellOff@2x.png */ = {isa = PBXFileReference; lastKnownFileType = image.png; path = "SmallSliderWellOff@2x.png"; sourceTree = "<group>"; };
		93F216ED15E5BB7500343EB1 /* SmallSliderWellOn@2x.png */ = {isa = PBXFileReference; lastKnownFileType = image.png; path = "SmallSliderWellOn@2x.png"; sourceTree = "<group>"; };
/* End PBXFileReference section */

/* Begin PBXFrameworksBuildPhase section */
		8D11072E0486CEB800E47090 /* Frameworks */ = {
			isa = PBXFrameworksBuildPhase;
			buildActionMask = 2147483647;
			files = (
				938A6C0F154F47A6007FC919 /* QuartzCore.framework in Frameworks */,
				8D11072F0486CEB800E47090 /* Cocoa.framework in Frameworks */,
			);
			runOnlyForDeploymentPostprocessing = 0;
		};
/* End PBXFrameworksBuildPhase section */

/* Begin PBXGroup section */
		080E96DDFE201D6D7F000001 /* Classes */ = {
			isa = PBXGroup;
			children = (
				5F9409170F36563700317331 /* TMSliderControl.h */,
				5F9409180F36563700317331 /* TMSliderControl.m */,
				5F94091E0F36566000317331 /* AppController.h */,
				5F94091F0F36566000317331 /* AppController.m */,
				5F8F327512BE9303009B2446 /* TMSliderControlSmall.h */,
				5F8F327612BE9303009B2446 /* TMSliderControlSmall.m */,
			);
			name = Classes;
			sourceTree = "<group>";
		};
		1058C7A0FEA54F0111CA2CBB /* Linked Frameworks */ = {
			isa = PBXGroup;
			children = (
				1058C7A1FEA54F0111CA2CBB /* Cocoa.framework */,
			);
			name = "Linked Frameworks";
			sourceTree = "<group>";
		};
		1058C7A2FEA54F0111CA2CBB /* Other Frameworks */ = {
			isa = PBXGroup;
			children = (
				29B97324FDCFA39411CA2CEA /* AppKit.framework */,
				13E42FB307B3F0F600E4EEF1 /* CoreData.framework */,
				29B97325FDCFA39411CA2CEA /* Foundation.framework */,
			);
			name = "Other Frameworks";
			sourceTree = "<group>";
		};
		19C28FACFE9D520D11CA2CBB /* Products */ = {
			isa = PBXGroup;
			children = (
				8D1107320486CEB800E47090 /* TMSliderControl.app */,
			);
			name = Products;
			sourceTree = "<group>";
		};
		29B97314FDCFA39411CA2CEA /* TMSliderControl */ = {
			isa = PBXGroup;
			children = (
				938A6C0E154F47A6007FC919 /* QuartzCore.framework */,
				19C28FACFE9D520D11CA2CBB /* Products */,
				080E96DDFE201D6D7F000001 /* Classes */,
				29B97315FDCFA39411CA2CEA /* Other Sources */,
				29B97317FDCFA39411CA2CEA /* Resources */,
				29B97323FDCFA39411CA2CEA /* Frameworks */,
			);
			name = TMSliderControl;
			sourceTree = "<group>";
		};
		29B97315FDCFA39411CA2CEA /* Other Sources */ = {
			isa = PBXGroup;
			children = (
				32CA4F630368D1EE00C91783 /* TMSliderControl_Prefix.pch */,
				29B97316FDCFA39411CA2CEA /* main.m */,
			);
			name = "Other Sources";
			sourceTree = "<group>";
		};
		29B97317FDCFA39411CA2CEA /* Resources */ = {
			isa = PBXGroup;
			children = (
				5F8F327912BE951C009B2446 /* SmallSliderHandle.png */,
				93F216EA15E5BB7500343EB1 /* SmallSliderHandle@2x.png */,
				5F8F327A12BE951C009B2446 /* SmallSliderHandleDown.png */,
				93F216EB15E5BB7500343EB1 /* SmallSliderHandleDown@2x.png */,
				5F8F327B12BE951C009B2446 /* SmallSliderWellOff.png */,
				93F216EC15E5BB7500343EB1 /* SmallSliderWellOff@2x.png */,
				5F8F327C12BE951C009B2446 /* SmallSliderWellOn.png */,
				93F216ED15E5BB7500343EB1 /* SmallSliderWellOn@2x.png */,
				5F9409230F3656C900317331 /* SliderWell.png */,
				93F216E915E5BB7500343EB1 /* SliderWell@2x.png */,
				5F9409240F3656C900317331 /* SliderHandleDown.png */,
				93F216E815E5BB7500343EB1 /* SliderHandleDown@2x.png */,
				5F9409250F3656C900317331 /* SliderHandle.png */,
				93F216E715E5BB7500343EB1 /* SliderHandle@2x.png */,
				5F9409290F3656C900317331 /* OverlayMask.png */,
				93F216E615E5BB7500343EB1 /* OverlayMask@2x.png */,
				8D1107310486CEB800E47090 /* Info.plist */,
				089C165CFE840E0CC02AAC07 /* InfoPlist.strings */,
				1DDD58140DA1D0A300B32029 /* MainMenu.xib */,
			);
			name = Resources;
			sourceTree = "<group>";
		};
		29B97323FDCFA39411CA2CEA /* Frameworks */ = {
			isa = PBXGroup;
			children = (
				1058C7A0FEA54F0111CA2CBB /* Linked Frameworks */,
				1058C7A2FEA54F0111CA2CBB /* Other Frameworks */,
			);
			name = Frameworks;
			sourceTree = "<group>";
		};
/* End PBXGroup section */

/* Begin PBXNativeTarget section */
		8D1107260486CEB800E47090 /* TMSliderControl */ = {
			isa = PBXNativeTarget;
			buildConfigurationList = C01FCF4A08A954540054247B /* Build configuration list for PBXNativeTarget "TMSliderControl" */;
			buildPhases = (
				8D1107290486CEB800E47090 /* Resources */,
				8D11072C0486CEB800E47090 /* Sources */,
				8D11072E0486CEB800E47090 /* Frameworks */,
			);
			buildRules = (
			);
			dependencies = (
			);
			name = TMSliderControl;
			productInstallPath = "$(HOME)/Applications";
			productName = TMSliderControl;
			productReference = 8D1107320486CEB800E47090 /* TMSliderControl.app */;
			productType = "com.apple.product-type.application";
		};
/* End PBXNativeTarget section */

/* Begin PBXProject section */
		29B97313FDCFA39411CA2CEA /* Project object */ = {
			isa = PBXProject;
			buildConfigurationList = C01FCF4E08A954540054247B /* Build configuration list for PBXProject "TMSliderControl" */;
			compatibilityVersion = "Xcode 3.1";
			developmentRegion = English;
			hasScannedForEncodings = 1;
			knownRegions = (
				English,
				Japanese,
				French,
				German,
			);
			mainGroup = 29B97314FDCFA39411CA2CEA /* TMSliderControl */;
			projectDirPath = "";
			projectRoot = "";
			targets = (
				8D1107260486CEB800E47090 /* TMSliderControl */,
			);
		};
/* End PBXProject section */

/* Begin PBXResourcesBuildPhase section */
		8D1107290486CEB800E47090 /* Resources */ = {
			isa = PBXResourcesBuildPhase;
			buildActionMask = 2147483647;
			files = (
				8D11072B0486CEB800E47090 /* InfoPlist.strings in Resources */,
				1DDD58160DA1D0A300B32029 /* MainMenu.xib in Resources */,
				5F94092D0F3656C900317331 /* SliderWell.png in Resources */,
				5F94092E0F3656C900317331 /* SliderHandleDown.png in Resources */,
				5F94092F0F3656C900317331 /* SliderHandle.png in Resources */,
				5F9409330F3656C900317331 /* OverlayMask.png in Resources */,
				5F8F327D12BE951C009B2446 /* SmallSliderHandle.png in Resources */,
				5F8F327E12BE951C009B2446 /* SmallSliderHandleDown.png in Resources */,
				5F8F327F12BE951C009B2446 /* SmallSliderWellOff.png in Resources */,
				5F8F328012BE951C009B2446 /* SmallSliderWellOn.png in Resources */,
				93F216EE15E5BB7500343EB1 /* OverlayMask@2x.png in Resources */,
				93F216EF15E5BB7500343EB1 /* SliderHandle@2x.png in Resources */,
				93F216F015E5BB7500343EB1 /* SliderHandleDown@2x.png in Resources */,
				93F216F115E5BB7500343EB1 /* SliderWell@2x.png in Resources */,
				93F216F215E5BB7500343EB1 /* SmallSliderHandle@2x.png in Resources */,
				93F216F315E5BB7500343EB1 /* SmallSliderHandleDown@2x.png in Resources */,
				93F216F415E5BB7500343EB1 /* SmallSliderWellOff@2x.png in Resources */,
				93F216F515E5BB7500343EB1 /* SmallSliderWellOn@2x.png in Resources */,
			);
			runOnlyForDeploymentPostprocessing = 0;
		};
/* End PBXResourcesBuildPhase section */

/* Begin PBXSourcesBuildPhase section */
		8D11072C0486CEB800E47090 /* Sources */ = {
			isa = PBXSourcesBuildPhase;
			buildActionMask = 2147483647;
			files = (
				8D11072D0486CEB800E47090 /* main.m in Sources */,
				5F9409190F36563700317331 /* TMSliderControl.m in Sources */,
				5F9409200F36566000317331 /* AppController.m in Sources */,
				938A6C10154F48A0007FC919 /* TMSliderControlSmall.m in Sources */,
			);
			runOnlyForDeploymentPostprocessing = 0;
		};
/* End PBXSourcesBuildPhase section */

/* Begin PBXVariantGroup section */
		089C165CFE840E0CC02AAC07 /* InfoPlist.strings */ = {
			isa = PBXVariantGroup;
			children = (
				089C165DFE840E0CC02AAC07 /* English */,
			);
			name = InfoPlist.strings;
			sourceTree = "<group>";
		};
		1DDD58140DA1D0A300B32029 /* MainMenu.xib */ = {
			isa = PBXVariantGroup;
			children = (
				1DDD58150DA1D0A300B32029 /* English */,
			);
			name = MainMenu.xib;
			sourceTree = "<group>";
		};
/* End PBXVariantGroup section */

/* Begin XCBuildConfiguration section */
		C01FCF4B08A954540054247B /* Debug */ = {
			isa = XCBuildConfiguration;
			buildSettings = {
				ALWAYS_SEARCH_USER_PATHS = NO;
				COPY_PHASE_STRIP = NO;
				GCC_DYNAMIC_NO_PIC = NO;
				GCC_ENABLE_FIX_AND_CONTINUE = YES;
				GCC_MODEL_TUNING = G5;
				GCC_OPTIMIZATION_LEVEL = 0;
				GCC_PRECOMPILE_PREFIX_HEADER = YES;
				GCC_PREFIX_HEADER = TMSliderControl_Prefix.pch;
				INFOPLIST_FILE = Info.plist;
				INSTALL_PATH = "$(HOME)/Applications";
				PRODUCT_NAME = TMSliderControl;
			};
			name = Debug;
		};
		C01FCF4C08A954540054247B /* Release */ = {
			isa = XCBuildConfiguration;
			buildSettings = {
				ALWAYS_SEARCH_USER_PATHS = NO;
				DEBUG_INFORMATION_FORMAT = "dwarf-with-dsym";
				GCC_MODEL_TUNING = G5;
				GCC_PRECOMPILE_PREFIX_HEADER = YES;
				GCC_PREFIX_HEADER = TMSliderControl_Prefix.pch;
				INFOPLIST_FILE = Info.plist;
				INSTALL_PATH = "$(HOME)/Applications";
				PRODUCT_NAME = TMSliderControl;
			};
			name = Release;
		};
		C01FCF4F08A954540054247B /* Debug */ = {
			isa = XCBuildConfiguration;
			buildSettings = {
				ARCHS = "$(ARCHS_STANDARD_32_64_BIT)";
				GCC_C_LANGUAGE_STANDARD = c99;
				GCC_OPTIMIZATION_LEVEL = 0;
				GCC_WARN_ABOUT_RETURN_TYPE = YES;
				GCC_WARN_UNUSED_VARIABLE = YES;
				MACOSX_DEPLOYMENT_TARGET = 10.7;
				ONLY_ACTIVE_ARCH = YES;
				PREBINDING = NO;
				SDKROOT = "";
			};
			name = Debug;
		};
		C01FCF5008A954540054247B /* Release */ = {
			isa = XCBuildConfiguration;
			buildSettings = {
				ARCHS = "$(ARCHS_STANDARD_32_64_BIT)";
				GCC_C_LANGUAGE_STANDARD = c99;
				GCC_WARN_ABOUT_RETURN_TYPE = YES;
				GCC_WARN_UNUSED_VARIABLE = YES;
				MACOSX_DEPLOYMENT_TARGET = 10.7;
				PREBINDING = NO;
				SDKROOT = "";
			};
			name = Release;
		};
/* End XCBuildConfiguration section */

/* Begin XCConfigurationList section */
		C01FCF4A08A954540054247B /* Build configuration list for PBXNativeTarget "TMSliderControl" */ = {
			isa = XCConfigurationList;
			buildConfigurations = (
				C01FCF4B08A954540054247B /* Debug */,
				C01FCF4C08A954540054247B /* Release */,
			);
			defaultConfigurationIsVisible = 0;
			defaultConfigurationName = Release;
		};
		C01FCF4E08A954540054247B /* Build configuration list for PBXProject "TMSliderControl" */ = {
			isa = XCConfigurationList;
			buildConfigurations = (
				C01FCF4F08A954540054247B /* Debug */,
				C01FCF5008A954540054247B /* Release */,
			);
			defaultConfigurationIsVisible = 0;
			defaultConfigurationName = Release;
		};
/* End XCConfigurationList section */
	};
	rootObject = 29B97313FDCFA39411CA2CEA /* Project object */;
}
